
Microsoft Visual Studio Solution File, Format Version 12.00
# Visual Studio Version 16
VisualStudioVersion = 16.0.31624.102
MinimumVisualStudioVersion = 10.0.40219.1
Project("{FAE04EC0-301F-11D3-BF4B-00C04F79EFBC}") = "Animals", "Animals\Animals.csproj", "{65E43485-3374-4590-8479-D6601040EB82}"
EndProject
Global
	GlobalSection(SolutionConfigurationPlatforms) = preSolution
		Debug|Any CPU = Debug|Any CPU
		Release|Any CPU = Release|Any CPU
	EndGlobalSection
	GlobalSection(ProjectConfigurationPlatforms) = postSolution
		{65E43485-3374-4590-8479-D6601040EB82}.Debug|Any CPU.ActiveCfg = Debug|Any CPU
		{65E43485-3374-4590-8479-D6601040EB82}.Debug|Any CPU.Build.0 = Debug|Any CPU
		{65E43485-3374-4590-8479-D6601040EB82}.Release|Any CPU.ActiveCfg = Release|Any CPU
		{65E43485-3374-4590-8479-D6601040EB82}.Release|Any CPU.Build.0 = Release|Any CPU
	EndGlobalSection
	GlobalSection(SolutionProperties) = preSolution
		HideSolutionNode = FALSE
	EndGlobalSection
	GlobalSection(ExtensibilityGlobals) = postSolution
		SolutionGuid = {849B07EA-612F-424F-A7A5-61BD0BD44B54}
	EndGlobalSection
EndGlobal
